
Microsoft Visual Studio Solution File, Format Version 12.00
# Visual Studio 14
VisualStudioVersion = 14.0.22609.0
MinimumVisualStudioVersion = 10.0.40219.1
Project("{2150E333-8FDC-42A3-9474-1A3956D46DE8}") = "src", "src", "{2E761795-9469-49A8-AC4D-1B820F6D1E1F}"
EndProject
Project("{2150E333-8FDC-42A3-9474-1A3956D46DE8}") = "Solution Items", "Solution Items", "{9E92C59A-EC54-44A2-B71A-EFE6C03425A9}"
	ProjectSection(SolutionItems) = preProject
		global.json = global.json
	EndProjectSection
EndProject
Project("{8BB2217D-0F2D-49D1-97BC-3654ED321F3B}") = "Storefront.Services", "src\Storefront.Services\Storefront.Services.kproj", "{ED3D9895-48BA-49E3-A1AB-373B4FE90F41}"
EndProject
Project("{8BB2217D-0F2D-49D1-97BC-3654ED321F3B}") = "Storefront.Tests", "src\Storefront.Tests\Storefront.Tests.kproj", "{1F813A51-4042-4E1E-846F-A1C1E4742506}"
EndProject
Project("{8BB2217D-0F2D-49D1-97BC-3654ED321F3B}") = "Storefront.Data", "src\Storefront.Data\Storefront.Data.kproj", "{260EA638-B009-447E-ADC2-46878229A908}"
EndProject
Project("{8BB2217D-0F2D-49D1-97BC-3654ED321F3B}") = "Storefront.Web", "src\Storefront.Web\Storefront.Web.kproj", "{B039E0E9-CABD-4049-8D96-E21350D702AA}"
EndProject
Global
	GlobalSection(SolutionConfigurationPlatforms) = preSolution
		Debug|Any CPU = Debug|Any CPU
		Release|Any CPU = Release|Any CPU
	EndGlobalSection
	GlobalSection(ProjectConfigurationPlatforms) = postSolution
		{ED3D9895-48BA-49E3-A1AB-373B4FE90F41}.Debug|Any CPU.ActiveCfg = Debug|Any CPU
		{ED3D9895-48BA-49E3-A1AB-373B4FE90F41}.Debug|Any CPU.Build.0 = Debug|Any CPU
		{ED3D9895-48BA-49E3-A1AB-373B4FE90F41}.Release|Any CPU.ActiveCfg = Release|Any CPU
		{ED3D9895-48BA-49E3-A1AB-373B4FE90F41}.Release|Any CPU.Build.0 = Release|Any CPU
		{1F813A51-4042-4E1E-846F-A1C1E4742506}.Debug|Any CPU.ActiveCfg = Debug|Any CPU
		{1F813A51-4042-4E1E-846F-A1C1E4742506}.Debug|Any CPU.Build.0 = Debug|Any CPU
		{1F813A51-4042-4E1E-846F-A1C1E4742506}.Release|Any CPU.ActiveCfg = Release|Any CPU
		{1F813A51-4042-4E1E-846F-A1C1E4742506}.Release|Any CPU.Build.0 = Release|Any CPU
		{260EA638-B009-447E-ADC2-46878229A908}.Debug|Any CPU.ActiveCfg = Debug|Any CPU
		{260EA638-B009-447E-ADC2-46878229A908}.Debug|Any CPU.Build.0 = Debug|Any CPU
		{260EA638-B009-447E-ADC2-46878229A908}.Release|Any CPU.ActiveCfg = Release|Any CPU
		{260EA638-B009-447E-ADC2-46878229A908}.Release|Any CPU.Build.0 = Release|Any CPU
		{B039E0E9-CABD-4049-8D96-E21350D702AA}.Debug|Any CPU.ActiveCfg = Debug|Any CPU
		{B039E0E9-CABD-4049-8D96-E21350D702AA}.Debug|Any CPU.Build.0 = Debug|Any CPU
		{B039E0E9-CABD-4049-8D96-E21350D702AA}.Release|Any CPU.ActiveCfg = Release|Any CPU
		{B039E0E9-CABD-4049-8D96-E21350D702AA}.Release|Any CPU.Build.0 = Release|Any CPU
	EndGlobalSection
	GlobalSection(SolutionProperties) = preSolution
		HideSolutionNode = FALSE
	EndGlobalSection
	GlobalSection(NestedProjects) = preSolution
		{ED3D9895-48BA-49E3-A1AB-373B4FE90F41} = {2E761795-9469-49A8-AC4D-1B820F6D1E1F}
		{1F813A51-4042-4E1E-846F-A1C1E4742506} = {2E761795-9469-49A8-AC4D-1B820F6D1E1F}
		{260EA638-B009-447E-ADC2-46878229A908} = {2E761795-9469-49A8-AC4D-1B820F6D1E1F}
		{B039E0E9-CABD-4049-8D96-E21350D702AA} = {2E761795-9469-49A8-AC4D-1B820F6D1E1F}
	EndGlobalSection
EndGlobal
